
Microsoft Visual Studio Solution File, Format Version 12.00
# Visual Studio Version 16
VisualStudioVersion = 16.0.32002.261
MinimumVisualStudioVersion = 10.0.40219.1
Project("{FAE04EC0-301F-11D3-BF4B-00C04F79EFBC}") = "Shortest Word Distance II", "Shortest Word Distance II\Shortest Word Distance II.csproj", "{D5AE2CB4-1931-45E8-82C5-AE666EBC6928}"
EndProject
Global
	GlobalSection(SolutionConfigurationPlatforms) = preSolution
		Debug|Any CPU = Debug|Any CPU
		Release|Any CPU = Release|Any CPU
	EndGlobalSection
	GlobalSection(ProjectConfigurationPlatforms) = postSolution
		{D5AE2CB4-1931-45E8-82C5-AE666EBC6928}.Debug|Any CPU.ActiveCfg = Debug|Any CPU
		{D5AE2CB4-1931-45E8-82C5-AE666EBC6928}.Debug|Any CPU.Build.0 = Debug|Any CPU
		{D5AE2CB4-1931-45E8-82C5-AE666EBC6928}.Release|Any CPU.ActiveCfg = Release|Any CPU
		{D5AE2CB4-1931-45E8-82C5-AE666EBC6928}.Release|Any CPU.Build.0 = Release|Any CPU
	EndGlobalSection
	GlobalSection(SolutionProperties) = preSolution
		HideSolutionNode = FALSE
	EndGlobalSection
	GlobalSection(ExtensibilityGlobals) = postSolution
		SolutionGuid = {46637B7F-1223-4F8D-AB6F-FDF256888F67}
	EndGlobalSection
EndGlobal
